
Microsoft Visual Studio Solution File, Format Version 12.00
# Visual Studio Version 17
VisualStudioVersion = 17.0.31903.59
MinimumVisualStudioVersion = 10.0.40219.1
Project("{2150E333-8FDC-42A3-9474-1A3956D46DE8}") = "src", "src", "{8A7480B2-89B6-4A3B-9056-6713E08CF6CB}"
EndProject
Project("{FAE04EC0-301F-11D3-BF4B-00C04F79EFBC}") = "UrlShortener.Application", "src\UrlShortener.Application\UrlShortener.Application.csproj", "{1618C3BB-D557-4221-8715-E90286824A7B}"
EndProject
Project("{FAE04EC0-301F-11D3-BF4B-00C04F79EFBC}") = "UrlShortener.Domain", "src\UrlShortener.Domain\UrlShortener.Domain.csproj", "{67E45ED2-1279-4310-886D-77D1F347F225}"
EndProject
Project("{FAE04EC0-301F-11D3-BF4B-00C04F79EFBC}") = "UrlShortener.Infrastructure", "src\UrlShortener.Infrastructure\UrlShortener.Infrastructure.csproj", "{E1831750-9579-4D0F-B13E-D0B17C1BFC2F}"
EndProject
Project("{FAE04EC0-301F-11D3-BF4B-00C04F79EFBC}") = "UrlShortener.Presentation", "src\UrlShortener.Presentation\UrlShortener.Presentation.csproj", "{ED886EEA-9457-4E0E-A11F-70D354363CDC}"
EndProject
Global
	GlobalSection(SolutionConfigurationPlatforms) = preSolution
		Debug|Any CPU = Debug|Any CPU
		Release|Any CPU = Release|Any CPU
	EndGlobalSection
	GlobalSection(SolutionProperties) = preSolution
		HideSolutionNode = FALSE
	EndGlobalSection
	GlobalSection(ProjectConfigurationPlatforms) = postSolution
		{1618C3BB-D557-4221-8715-E90286824A7B}.Debug|Any CPU.ActiveCfg = Debug|Any CPU
		{1618C3BB-D557-4221-8715-E90286824A7B}.Debug|Any CPU.Build.0 = Debug|Any CPU
		{1618C3BB-D557-4221-8715-E90286824A7B}.Release|Any CPU.ActiveCfg = Release|Any CPU
		{1618C3BB-D557-4221-8715-E90286824A7B}.Release|Any CPU.Build.0 = Release|Any CPU
		{67E45ED2-1279-4310-886D-77D1F347F225}.Debug|Any CPU.ActiveCfg = Debug|Any CPU
		{67E45ED2-1279-4310-886D-77D1F347F225}.Debug|Any CPU.Build.0 = Debug|Any CPU
		{67E45ED2-1279-4310-886D-77D1F347F225}.Release|Any CPU.ActiveCfg = Release|Any CPU
		{67E45ED2-1279-4310-886D-77D1F347F225}.Release|Any CPU.Build.0 = Release|Any CPU
		{E1831750-9579-4D0F-B13E-D0B17C1BFC2F}.Debug|Any CPU.ActiveCfg = Debug|Any CPU
		{E1831750-9579-4D0F-B13E-D0B17C1BFC2F}.Debug|Any CPU.Build.0 = Debug|Any CPU
		{E1831750-9579-4D0F-B13E-D0B17C1BFC2F}.Release|Any CPU.ActiveCfg = Release|Any CPU
		{E1831750-9579-4D0F-B13E-D0B17C1BFC2F}.Release|Any CPU.Build.0 = Release|Any CPU
		{ED886EEA-9457-4E0E-A11F-70D354363CDC}.Debug|Any CPU.ActiveCfg = Debug|Any CPU
		{ED886EEA-9457-4E0E-A11F-70D354363CDC}.Debug|Any CPU.Build.0 = Debug|Any CPU
		{ED886EEA-9457-4E0E-A11F-70D354363CDC}.Release|Any CPU.ActiveCfg = Release|Any CPU
		{ED886EEA-9457-4E0E-A11F-70D354363CDC}.Release|Any CPU.Build.0 = Release|Any CPU
	EndGlobalSection
	GlobalSection(NestedProjects) = preSolution
		{1618C3BB-D557-4221-8715-E90286824A7B} = {8A7480B2-89B6-4A3B-9056-6713E08CF6CB}
		{67E45ED2-1279-4310-886D-77D1F347F225} = {8A7480B2-89B6-4A3B-9056-6713E08CF6CB}
		{E1831750-9579-4D0F-B13E-D0B17C1BFC2F} = {8A7480B2-89B6-4A3B-9056-6713E08CF6CB}
		{ED886EEA-9457-4E0E-A11F-70D354363CDC} = {8A7480B2-89B6-4A3B-9056-6713E08CF6CB}
	EndGlobalSection
EndGlobal
